{
  "name": "pkg",
  "lockfileVersion": 3,
  "requires": true,
  "packages": {
    "": {
      "name": "pkg",
      "dependencies": {
        "dep": "file:../dep",
        "tar": "file:../tar.tgz"
      }
    },
    "node_modules/dep": {
      "resolved": "file:../dep"
    },
    "node_modules/tar": {
      "resolved": "file:../tar.tgz",
      "integrity": "sha512-Gd42EZQ184rEXzHr2J19hITSpI/tj2aUVyoVV4qIocQa6RwomEMU8udJ0HHPIKMreevaAsKxnkM+vkuFEiLPgA=="
    }
  }
}
